{
  "name": "quasar-app-extension-auth-ext",
  "version": "0.0.1",
  "lockfileVersion": 1,
  "requires": true,
  "dependencies": {
    "@plus/auth-client-axios": {
      "version": "1.1.0-alpha",
      "resolved": "https://packages.aliyun.com/60af7c922c5969c370c5a518/npm/npm-registry/@plus/auth-client-axios/-/@plus/auth-client-axios-1.1.0-alpha.tgz",
      "integrity": "sha512-8ua/i+77S3UO2oj++H6ubW3dUFgwuOB8fgWeg2JUBViTqbXXRtigsY0/M6NUbZGNCwlR281eXEh77f8KOR6MpA==",
      "requires": {
        "axios": "~0.21.1"
      }
    },
    "axios": {
      "version": "0.21.1",
      "resolved": "https://registry.nlark.com/axios/download/axios-0.21.1.tgz",
      "integrity": "sha1-IlY0gZYvTWvemnbVFu8OXTwJsrg=",
      "requires": {
        "follow-redirects": "^1.10.0"
      }
    },
    "follow-redirects": {
      "version": "1.14.1",
      "resolved": "https://registry.nlark.com/follow-redirects/download/follow-redirects-1.14.1.tgz",
      "integrity": "sha1-2RFN7Qoc/dM04WTmZirQK/2R/0M="
    }
  }
}
